
Microsoft Visual Studio Solution File, Format Version 12.00
# Visual Studio Version 16
VisualStudioVersion = 16.0.31624.102
MinimumVisualStudioVersion = 10.0.40219.1
Project("{9A19103F-16F7-4668-BE54-9A1E7A4F7556}") = "GProof.Alerta.AlertsDecoder", "GProof.Alerta.AlertsDecoder\GProof.Alerta.AlertsDecoder.csproj", "{785CCB77-FD5B-4A94-98F1-E5B283A08938}"
EndProject
Project("{2150E333-8FDC-42A3-9474-1A3956D46DE8}") = "Application", "Application", "{CF326FD3-8B16-475F-812E-6819B1EE0CA8}"
EndProject
Project("{2150E333-8FDC-42A3-9474-1A3956D46DE8}") = "AlertsDecoder", "AlertsDecoder", "{E666629B-E6D2-4F02-B1F2-C569A1A2FBF2}"
EndProject
Project("{2150E333-8FDC-42A3-9474-1A3956D46DE8}") = "Server", "Server", "{1938F3CD-0A54-435D-9909-ECB510768A6D}"
EndProject
Project("{9A19103F-16F7-4668-BE54-9A1E7A4F7556}") = "GProof.Alerta.Server", "GProof.Alerta.Server\GProof.Alerta.Server.csproj", "{96F376EE-2CD8-4392-A71D-54AE830EF480}"
EndProject
Project("{9A19103F-16F7-4668-BE54-9A1E7A4F7556}") = "GProof.Alerta", "GProof.Alerta.Application\GProof.Alerta\GProof.Alerta.csproj", "{7C0C6DCE-E6FC-4CD1-96DC-C73DE6FE49F5}"
EndProject
Project("{FAE04EC0-301F-11D3-BF4B-00C04F79EFBC}") = "GProof.Alerta.Android", "GProof.Alerta.Application\GProof.Alerta.Android\GProof.Alerta.Android.csproj", "{5B6191FF-3F84-46A0-83B4-F629AD47E50C}"
EndProject
Project("{FAE04EC0-301F-11D3-BF4B-00C04F79EFBC}") = "GProof.Alerta.iOS", "GProof.Alerta.Application\GProof.Alerta.iOS\GProof.Alerta.iOS.csproj", "{BD9B211E-7D51-4CDE-866D-48163CE32152}"
EndProject
Project("{2150E333-8FDC-42A3-9474-1A3956D46DE8}") = "Common", "Common", "{61125118-D4A5-4563-91B0-72C4560C9E5E}"
EndProject
Project("{FAE04EC0-301F-11D3-BF4B-00C04F79EFBC}") = "GProof.Alerta.ExcelHelper", "GProof.Alerta.ExcelHelper\GProof.Alerta.ExcelHelper.csproj", "{9318CB73-9BB6-4715-8522-674AED55A461}"
EndProject
Global
	GlobalSection(SolutionConfigurationPlatforms) = preSolution
		Debug|Any CPU = Debug|Any CPU
		Debug|iPhone = Debug|iPhone
		Debug|iPhoneSimulator = Debug|iPhoneSimulator
		Release|Any CPU = Release|Any CPU
		Release|iPhone = Release|iPhone
		Release|iPhoneSimulator = Release|iPhoneSimulator
	EndGlobalSection
	GlobalSection(ProjectConfigurationPlatforms) = postSolution
		{785CCB77-FD5B-4A94-98F1-E5B283A08938}.Debug|Any CPU.ActiveCfg = Debug|Any CPU
		{785CCB77-FD5B-4A94-98F1-E5B283A08938}.Debug|Any CPU.Build.0 = Debug|Any CPU
		{785CCB77-FD5B-4A94-98F1-E5B283A08938}.Debug|iPhone.ActiveCfg = Debug|Any CPU
		{785CCB77-FD5B-4A94-98F1-E5B283A08938}.Debug|iPhone.Build.0 = Debug|Any CPU
		{785CCB77-FD5B-4A94-98F1-E5B283A08938}.Debug|iPhoneSimulator.ActiveCfg = Debug|Any CPU
		{785CCB77-FD5B-4A94-98F1-E5B283A08938}.Debug|iPhoneSimulator.Build.0 = Debug|Any CPU
		{785CCB77-FD5B-4A94-98F1-E5B283A08938}.Release|Any CPU.ActiveCfg = Release|Any CPU
		{785CCB77-FD5B-4A94-98F1-E5B283A08938}.Release|Any CPU.Build.0 = Release|Any CPU
		{785CCB77-FD5B-4A94-98F1-E5B283A08938}.Release|iPhone.ActiveCfg = Release|Any CPU
		{785CCB77-FD5B-4A94-98F1-E5B283A08938}.Release|iPhone.Build.0 = Release|Any CPU
		{785CCB77-FD5B-4A94-98F1-E5B283A08938}.Release|iPhoneSimulator.ActiveCfg = Release|Any CPU
		{785CCB77-FD5B-4A94-98F1-E5B283A08938}.Release|iPhoneSimulator.Build.0 = Release|Any CPU
		{96F376EE-2CD8-4392-A71D-54AE830EF480}.Debug|Any CPU.ActiveCfg = Debug|Any CPU
		{96F376EE-2CD8-4392-A71D-54AE830EF480}.Debug|Any CPU.Build.0 = Debug|Any CPU
		{96F376EE-2CD8-4392-A71D-54AE830EF480}.Debug|iPhone.ActiveCfg = Debug|Any CPU
		{96F376EE-2CD8-4392-A71D-54AE830EF480}.Debug|iPhone.Build.0 = Debug|Any CPU
		{96F376EE-2CD8-4392-A71D-54AE830EF480}.Debug|iPhoneSimulator.ActiveCfg = Debug|Any CPU
		{96F376EE-2CD8-4392-A71D-54AE830EF480}.Debug|iPhoneSimulator.Build.0 = Debug|Any CPU
		{96F376EE-2CD8-4392-A71D-54AE830EF480}.Release|Any CPU.ActiveCfg = Release|Any CPU
		{96F376EE-2CD8-4392-A71D-54AE830EF480}.Release|Any CPU.Build.0 = Release|Any CPU
		{96F376EE-2CD8-4392-A71D-54AE830EF480}.Release|iPhone.ActiveCfg = Release|Any CPU
		{96F376EE-2CD8-4392-A71D-54AE830EF480}.Release|iPhone.Build.0 = Release|Any CPU
		{96F376EE-2CD8-4392-A71D-54AE830EF480}.Release|iPhoneSimulator.ActiveCfg = Release|Any CPU
		{96F376EE-2CD8-4392-A71D-54AE830EF480}.Release|iPhoneSimulator.Build.0 = Release|Any CPU
		{7C0C6DCE-E6FC-4CD1-96DC-C73DE6FE49F5}.Debug|Any CPU.ActiveCfg = Debug|Any CPU
		{7C0C6DCE-E6FC-4CD1-96DC-C73DE6FE49F5}.Debug|Any CPU.Build.0 = Debug|Any CPU
		{7C0C6DCE-E6FC-4CD1-96DC-C73DE6FE49F5}.Debug|iPhone.ActiveCfg = Debug|Any CPU
		{7C0C6DCE-E6FC-4CD1-96DC-C73DE6FE49F5}.Debug|iPhone.Build.0 = Debug|Any CPU
		{7C0C6DCE-E6FC-4CD1-96DC-C73DE6FE49F5}.Debug|iPhoneSimulator.ActiveCfg = Debug|Any CPU
		{7C0C6DCE-E6FC-4CD1-96DC-C73DE6FE49F5}.Debug|iPhoneSimulator.Build.0 = Debug|Any CPU
		{7C0C6DCE-E6FC-4CD1-96DC-C73DE6FE49F5}.Release|Any CPU.ActiveCfg = Release|Any CPU
		{7C0C6DCE-E6FC-4CD1-96DC-C73DE6FE49F5}.Release|Any CPU.Build.0 = Release|Any CPU
		{7C0C6DCE-E6FC-4CD1-96DC-C73DE6FE49F5}.Release|iPhone.ActiveCfg = Release|Any CPU
		{7C0C6DCE-E6FC-4CD1-96DC-C73DE6FE49F5}.Release|iPhone.Build.0 = Release|Any CPU
		{7C0C6DCE-E6FC-4CD1-96DC-C73DE6FE49F5}.Release|iPhoneSimulator.ActiveCfg = Release|Any CPU
		{7C0C6DCE-E6FC-4CD1-96DC-C73DE6FE49F5}.Release|iPhoneSimulator.Build.0 = Release|Any CPU
		{5B6191FF-3F84-46A0-83B4-F629AD47E50C}.Debug|Any CPU.ActiveCfg = Debug|Any CPU
		{5B6191FF-3F84-46A0-83B4-F629AD47E50C}.Debug|Any CPU.Build.0 = Debug|Any CPU
		{5B6191FF-3F84-46A0-83B4-F629AD47E50C}.Debug|Any CPU.Deploy.0 = Debug|Any CPU
		{5B6191FF-3F84-46A0-83B4-F629AD47E50C}.Debug|iPhone.ActiveCfg = Debug|Any CPU
		{5B6191FF-3F84-46A0-83B4-F629AD47E50C}.Debug|iPhone.Build.0 = Debug|Any CPU
		{5B6191FF-3F84-46A0-83B4-F629AD47E50C}.Debug|iPhone.Deploy.0 = Debug|Any CPU
		{5B6191FF-3F84-46A0-83B4-F629AD47E50C}.Debug|iPhoneSimulator.ActiveCfg = Debug|Any CPU
		{5B6191FF-3F84-46A0-83B4-F629AD47E50C}.Debug|iPhoneSimulator.Build.0 = Debug|Any CPU
		{5B6191FF-3F84-46A0-83B4-F629AD47E50C}.Debug|iPhoneSimulator.Deploy.0 = Debug|Any CPU
		{5B6191FF-3F84-46A0-83B4-F629AD47E50C}.Release|Any CPU.ActiveCfg = Release|Any CPU
		{5B6191FF-3F84-46A0-83B4-F629AD47E50C}.Release|Any CPU.Build.0 = Release|Any CPU
		{5B6191FF-3F84-46A0-83B4-F629AD47E50C}.Release|Any CPU.Deploy.0 = Release|Any CPU
		{5B6191FF-3F84-46A0-83B4-F629AD47E50C}.Release|iPhone.ActiveCfg = Release|Any CPU
		{5B6191FF-3F84-46A0-83B4-F629AD47E50C}.Release|iPhone.Build.0 = Release|Any CPU
		{5B6191FF-3F84-46A0-83B4-F629AD47E50C}.Release|iPhone.Deploy.0 = Release|Any CPU
		{5B6191FF-3F84-46A0-83B4-F629AD47E50C}.Release|iPhoneSimulator.ActiveCfg = Release|Any CPU
		{5B6191FF-3F84-46A0-83B4-F629AD47E50C}.Release|iPhoneSimulator.Build.0 = Release|Any CPU
		{5B6191FF-3F84-46A0-83B4-F629AD47E50C}.Release|iPhoneSimulator.Deploy.0 = Release|Any CPU
		{BD9B211E-7D51-4CDE-866D-48163CE32152}.Debug|Any CPU.ActiveCfg = Debug|iPhoneSimulator
		{BD9B211E-7D51-4CDE-866D-48163CE32152}.Debug|iPhone.ActiveCfg = Debug|iPhone
		{BD9B211E-7D51-4CDE-866D-48163CE32152}.Debug|iPhone.Build.0 = Debug|iPhone
		{BD9B211E-7D51-4CDE-866D-48163CE32152}.Debug|iPhoneSimulator.ActiveCfg = Debug|iPhoneSimulator
		{BD9B211E-7D51-4CDE-866D-48163CE32152}.Debug|iPhoneSimulator.Build.0 = Debug|iPhoneSimulator
		{BD9B211E-7D51-4CDE-866D-48163CE32152}.Release|Any CPU.ActiveCfg = Release|iPhoneSimulator
		{BD9B211E-7D51-4CDE-866D-48163CE32152}.Release|iPhone.ActiveCfg = Release|iPhone
		{BD9B211E-7D51-4CDE-866D-48163CE32152}.Release|iPhone.Build.0 = Release|iPhone
		{BD9B211E-7D51-4CDE-866D-48163CE32152}.Release|iPhoneSimulator.ActiveCfg = Release|iPhoneSimulator
		{BD9B211E-7D51-4CDE-866D-48163CE32152}.Release|iPhoneSimulator.Build.0 = Release|iPhoneSimulator
		{9318CB73-9BB6-4715-8522-674AED55A461}.Debug|Any CPU.ActiveCfg = Debug|Any CPU
		{9318CB73-9BB6-4715-8522-674AED55A461}.Debug|Any CPU.Build.0 = Debug|Any CPU
		{9318CB73-9BB6-4715-8522-674AED55A461}.Debug|iPhone.ActiveCfg = Debug|Any CPU
		{9318CB73-9BB6-4715-8522-674AED55A461}.Debug|iPhone.Build.0 = Debug|Any CPU
		{9318CB73-9BB6-4715-8522-674AED55A461}.Debug|iPhoneSimulator.ActiveCfg = Debug|Any CPU
		{9318CB73-9BB6-4715-8522-674AED55A461}.Debug|iPhoneSimulator.Build.0 = Debug|Any CPU
		{9318CB73-9BB6-4715-8522-674AED55A461}.Release|Any CPU.ActiveCfg = Release|Any CPU
		{9318CB73-9BB6-4715-8522-674AED55A461}.Release|Any CPU.Build.0 = Release|Any CPU
		{9318CB73-9BB6-4715-8522-674AED55A461}.Release|iPhone.ActiveCfg = Release|Any CPU
		{9318CB73-9BB6-4715-8522-674AED55A461}.Release|iPhone.Build.0 = Release|Any CPU
		{9318CB73-9BB6-4715-8522-674AED55A461}.Release|iPhoneSimulator.ActiveCfg = Release|Any CPU
		{9318CB73-9BB6-4715-8522-674AED55A461}.Release|iPhoneSimulator.Build.0 = Release|Any CPU
	EndGlobalSection
	GlobalSection(SolutionProperties) = preSolution
		HideSolutionNode = FALSE
	EndGlobalSection
	GlobalSection(NestedProjects) = preSolution
		{785CCB77-FD5B-4A94-98F1-E5B283A08938} = {E666629B-E6D2-4F02-B1F2-C569A1A2FBF2}
		{96F376EE-2CD8-4392-A71D-54AE830EF480} = {1938F3CD-0A54-435D-9909-ECB510768A6D}
		{7C0C6DCE-E6FC-4CD1-96DC-C73DE6FE49F5} = {CF326FD3-8B16-475F-812E-6819B1EE0CA8}
		{5B6191FF-3F84-46A0-83B4-F629AD47E50C} = {CF326FD3-8B16-475F-812E-6819B1EE0CA8}
		{BD9B211E-7D51-4CDE-866D-48163CE32152} = {CF326FD3-8B16-475F-812E-6819B1EE0CA8}
		{9318CB73-9BB6-4715-8522-674AED55A461} = {61125118-D4A5-4563-91B0-72C4560C9E5E}
	EndGlobalSection
	GlobalSection(ExtensibilityGlobals) = postSolution
		SolutionGuid = {F15818F2-BA4C-4774-BDF0-43CAA5F56FEB}
	EndGlobalSection
EndGlobal
